<?xml version="1.0" encoding="utf-8"?>
<Project ToolsVersion="4.0" xmlns="http://schemas.microsoft.com/developer/msbuild/2003">
  <ItemGroup>
    <Filter Include="Source Files">
      <UniqueIdentifier>{4FC737F1-C7A5-4376-A066-2A32D752A2FF}</UniqueIdentifier>
      <Extensions>cpp;c;cc;cxx;c++;cppm;ixx;def;odl;idl;hpj;bat;asm;asmx</Extensions>
    </Filter>
    <Filter Include="Header Files">
      <UniqueIdentifier>{93995380-89BD-4b04-88EB-625FBE52EBFB}</UniqueIdentifier>
      <Extensions>h;hh;hpp;hxx;h++;hm;inl;inc;ipp;xsd</Extensions>
    </Filter>
    <Filter Include="Resource Files">
      <UniqueIdentifier>{67DA6AB6-F800-4c08-8B7A-83BB121AAD01}</UniqueIdentifier>
      <Extensions>rc;ico;cur;bmp;dlg;rc2;rct;bin;rgs;gif;jpg;jpeg;jpe;resx;tiff;tif;png;wav;mfcribbon-ms</Extensions>
    </Filter>
  </ItemGroup>
  <ItemGroup>
    <ClCompile Include="main.cpp">
      <Filter>Source Files</Filter>
    </ClCompile>
    <ClCompile Include="Unit\Unit.cpp">
      <Filter>Source Files</Filter>
    </ClCompile>
    <ClCompile Include="Unit\EarthSoldier.cpp">
      <Filter>Source Files</Filter>
    </ClCompile>
    <ClCompile Include="Unit\EarthTank.cpp">
      <Filter>Source Files</Filter>
    </ClCompile>
    <ClCompile Include="Unit\EarthGunnery.cpp">
      <Filter>Source Files</Filter>
    </ClCompile>
    <ClCompile Include="Unit\AlienSoldier.cpp">
      <Filter>Source Files</Filter>
    </ClCompile>
    <ClCompile Include="Unit\AlienDrone.cpp">
      <Filter>Source Files</Filter>
    </ClCompile>
    <ClCompile Include="Unit\AlienMonster.cpp">
      <Filter>Source Files</Filter>
    </ClCompile>
    <ClCompile Include="Unit\HealUnit.cpp">
      <Filter>Source Files</Filter>
    </ClCompile>
    <ClCompile Include="Armies\EarthArmy.cpp">
      <Filter>Source Files</Filter>
    </ClCompile>
    <ClCompile Include="Armies\AlienArmy.cpp">
      <Filter>Source Files</Filter>
    </ClCompile>
    <ClCompile Include="Game\Game.cpp">
      <Filter>Source Files</Filter>
    </ClCompile>
    <ClCompile Include="RandGen\RandGen.cpp">
      <Filter>Source Files</Filter>
    </ClCompile>
    <ClCompile Include="Armies\AllyArmy.cpp">
      <Filter>Source Files</Filter>
    </ClCompile>
    <ClCompile Include="Unit\SaverUnit.cpp">
      <Filter>Source Files</Filter>
    </ClCompile>
  </ItemGroup>
  <ItemGroup>
    <ClInclude Include="ADT\Node.h">
      <Filter>Header Files</Filter>
    </ClInclude>
    <ClInclude Include="ADT\PriNode.h">
      <Filter>Header Files</Filter>
    </ClInclude>
    <ClInclude Include="ADT\QueueADT.h">
      <Filter>Header Files</Filter>
    </ClInclude>
    <ClInclude Include="ADT\StackADT.h">
      <Filter>Header Files</Filter>
    </ClInclude>
    <ClInclude Include="DataStructures\Queue.h">
      <Filter>Header Files</Filter>
    </ClInclude>
    <ClInclude Include="DataStructures\StackList.h">
      <Filter>Header Files</Filter>
    </ClInclude>
    <ClInclude Include="DataStructures\PriQueue.h">
      <Filter>Header Files</Filter>
    </ClInclude>
    <ClInclude Include="DataStructures\DoubleEndedQueue.h">
      <Filter>Header Files</Filter>
    </ClInclude>
    <ClInclude Include="DataStructures\ArrayOfPointers.h">
      <Filter>Header Files</Filter>
    </ClInclude>
    <ClInclude Include="Unit\Unit.h">
      <Filter>Header Files</Filter>
    </ClInclude>
    <ClInclude Include="Unit\EarthSoldier.h">
      <Filter>Header Files</Filter>
    </ClInclude>
    <ClInclude Include="Unit\EarthTank.h">
      <Filter>Header Files</Filter>
    </ClInclude>
    <ClInclude Include="Unit\EarthGunnery.h">
      <Filter>Header Files</Filter>
    </ClInclude>
    <ClInclude Include="Unit\AlienSoldier.h">
      <Filter>Header Files</Filter>
    </ClInclude>
    <ClInclude Include="Unit\AlienDrone.h">
      <Filter>Header Files</Filter>
    </ClInclude>
    <ClInclude Include="Unit\AlienMonster.h">
      <Filter>Header Files</Filter>
    </ClInclude>
    <ClInclude Include="Unit\HealUnit.h">
      <Filter>Header Files</Filter>
    </ClInclude>
    <ClInclude Include="Armies\EarthArmy.h">
      <Filter>Header Files</Filter>
    </ClInclude>
    <ClInclude Include="Armies\AlienArmy.h">
      <Filter>Header Files</Filter>
    </ClInclude>
    <ClInclude Include="Game\Game.h">
      <Filter>Header Files</Filter>
    </ClInclude>
    <ClInclude Include="RandGen\RandGen.h">
      <Filter>Header Files</Filter>
    </ClInclude>
    <ClInclude Include="Armies\AllyArmy.h">
      <Filter>Header Files</Filter>
    </ClInclude>
    <ClInclude Include="Unit\SaverUnit.h">
      <Filter>Header Files</Filter>
    </ClInclude>
  </ItemGroup>
  <ItemGroup>
    <Text Include="Game\InputFile.txt" />
  </ItemGroup>
</Project>